
Microsoft Visual Studio Solution File, Format Version 12.00
# Visual Studio Version 17
VisualStudioVersion = 17.4.33403.182
MinimumVisualStudioVersion = 10.0.40219.1
Project("{FAE04EC0-301F-11D3-BF4B-00C04F79EFBC}") = "GUI", "GUI\GUI.csproj", "{02997B1A-0FA2-458E-AA56-17F6B9E3D5DA}"
EndProject
Project("{FAE04EC0-301F-11D3-BF4B-00C04F79EFBC}") = "Util", "Util\Util.csproj", "{A91D1B1F-41FC-4B11-9DD1-C7E9E519430F}"
EndProject
Project("{FAE04EC0-301F-11D3-BF4B-00C04F79EFBC}") = "DTO", "DTO\DTO.csproj", "{55D1461A-5E61-4E00-8FC5-B66CA580DD26}"
EndProject
Project("{FAE04EC0-301F-11D3-BF4B-00C04F79EFBC}") = "BLL", "BLL\BLL.csproj", "{76C3E7E6-5015-438E-96B0-AF155AF0920F}"
EndProject
Project("{FAE04EC0-301F-11D3-BF4B-00C04F79EFBC}") = "DAL", "DAL\DAL.csproj", "{99EB9026-097E-4512-A806-F3C43A32E6D4}"
EndProject
Global
	GlobalSection(SolutionConfigurationPlatforms) = preSolution
		Debug|Any CPU = Debug|Any CPU
		Release|Any CPU = Release|Any CPU
	EndGlobalSection
	GlobalSection(ProjectConfigurationPlatforms) = postSolution
		{02997B1A-0FA2-458E-AA56-17F6B9E3D5DA}.Debug|Any CPU.ActiveCfg = Debug|Any CPU
		{02997B1A-0FA2-458E-AA56-17F6B9E3D5DA}.Debug|Any CPU.Build.0 = Debug|Any CPU
		{02997B1A-0FA2-458E-AA56-17F6B9E3D5DA}.Release|Any CPU.ActiveCfg = Release|Any CPU
		{02997B1A-0FA2-458E-AA56-17F6B9E3D5DA}.Release|Any CPU.Build.0 = Release|Any CPU
		{A91D1B1F-41FC-4B11-9DD1-C7E9E519430F}.Debug|Any CPU.ActiveCfg = Debug|Any CPU
		{A91D1B1F-41FC-4B11-9DD1-C7E9E519430F}.Debug|Any CPU.Build.0 = Debug|Any CPU
		{A91D1B1F-41FC-4B11-9DD1-C7E9E519430F}.Release|Any CPU.ActiveCfg = Release|Any CPU
		{A91D1B1F-41FC-4B11-9DD1-C7E9E519430F}.Release|Any CPU.Build.0 = Release|Any CPU
		{55D1461A-5E61-4E00-8FC5-B66CA580DD26}.Debug|Any CPU.ActiveCfg = Debug|Any CPU
		{55D1461A-5E61-4E00-8FC5-B66CA580DD26}.Debug|Any CPU.Build.0 = Debug|Any CPU
		{55D1461A-5E61-4E00-8FC5-B66CA580DD26}.Release|Any CPU.ActiveCfg = Release|Any CPU
		{55D1461A-5E61-4E00-8FC5-B66CA580DD26}.Release|Any CPU.Build.0 = Release|Any CPU
		{76C3E7E6-5015-438E-96B0-AF155AF0920F}.Debug|Any CPU.ActiveCfg = Debug|Any CPU
		{76C3E7E6-5015-438E-96B0-AF155AF0920F}.Debug|Any CPU.Build.0 = Debug|Any CPU
		{76C3E7E6-5015-438E-96B0-AF155AF0920F}.Release|Any CPU.ActiveCfg = Release|Any CPU
		{76C3E7E6-5015-438E-96B0-AF155AF0920F}.Release|Any CPU.Build.0 = Release|Any CPU
		{99EB9026-097E-4512-A806-F3C43A32E6D4}.Debug|Any CPU.ActiveCfg = Debug|Any CPU
		{99EB9026-097E-4512-A806-F3C43A32E6D4}.Debug|Any CPU.Build.0 = Debug|Any CPU
		{99EB9026-097E-4512-A806-F3C43A32E6D4}.Release|Any CPU.ActiveCfg = Release|Any CPU
		{99EB9026-097E-4512-A806-F3C43A32E6D4}.Release|Any CPU.Build.0 = Release|Any CPU
	EndGlobalSection
	GlobalSection(SolutionProperties) = preSolution
		HideSolutionNode = FALSE
	EndGlobalSection
	GlobalSection(ExtensibilityGlobals) = postSolution
		SolutionGuid = {49BBB81D-05DE-467B-8307-59FA270DB097}
	EndGlobalSection
EndGlobal
